// !$*UTF8*$!
{
	archiveVersion = 1;
	classes = {
	};
	objectVersion = 50;
	objects = {

/* Begin PBXBuildFile section */
		2C7B42112327ED1A00ED4C27 /* AppDelegate.swift in Sources */ = {isa = PBXBuildFile; fileRef = 2C7B42102327ED1A00ED4C27 /* AppDelegate.swift */; };
		2C7B42132327ED1A00ED4C27 /* ViewController.swift in Sources */ = {isa = PBXBuildFile; fileRef = 2C7B42122327ED1A00ED4C27 /* ViewController.swift */; };
		2C7B42162327ED1A00ED4C27 /* Main.storyboard in Resources */ = {isa = PBXBuildFile; fileRef = 2C7B42142327ED1A00ED4C27 /* Main.storyboard */; };
		2C7B42182327ED1C00ED4C27 /* Assets.xcassets in Resources */ = {isa = PBXBuildFile; fileRef = 2C7B42172327ED1C00ED4C27 /* Assets.xcassets */; };
		2C7B421B2327ED1C00ED4C27 /* LaunchScreen.storyboard in Resources */ = {isa = PBXBuildFile; fileRef = 2C7B42192327ED1C00ED4C27 /* LaunchScreen.storyboard */; };
		2C7B42262327ED1C00ED4C27 /* TransitionAnimationTests.swift in Sources */ = {isa = PBXBuildFile; fileRef = 2C7B42252327ED1C00ED4C27 /* TransitionAnimationTests.swift */; };
		2C7B42312327ED1C00ED4C27 /* TransitionAnimationUITests.swift in Sources */ = {isa = PBXBuildFile; fileRef = 2C7B42302327ED1C00ED4C27 /* TransitionAnimationUITests.swift */; };
		2C7B4241232950E200ED4C27 /* FadeAnimator.swift in Sources */ = {isa = PBXBuildFile; fileRef = 2C7B4240232950E200ED4C27 /* FadeAnimator.swift */; };
		2C7B4243232950EB00ED4C27 /* AnimatedNavigationController.swift in Sources */ = {isa = PBXBuildFile; fileRef = 2C7B4242232950EB00ED4C27 /* AnimatedNavigationController.swift */; };
/* End PBXBuildFile section */

/* Begin PBXContainerItemProxy section */
		2C7B42222327ED1C00ED4C27 /* PBXContainerItemProxy */ = {
			isa = PBXContainerItemProxy;
			containerPortal = 2C7B42052327ED1A00ED4C27 /* Project object */;
			proxyType = 1;
			remoteGlobalIDString = 2C7B420C2327ED1A00ED4C27;
			remoteInfo = TransitionAnimation;
		};
		2C7B422D2327ED1C00ED4C27 /* PBXContainerItemProxy */ = {
			isa = PBXContainerItemProxy;
			containerPortal = 2C7B42052327ED1A00ED4C27 /* Project object */;
			proxyType = 1;
			remoteGlobalIDString = 2C7B420C2327ED1A00ED4C27;
			remoteInfo = TransitionAnimation;
		};
/* End PBXContainerItemProxy section */

/* Begin PBXFileReference section */
		2C7B420D2327ED1A00ED4C27 /* TransitionAnimation.app */ = {isa = PBXFileReference; explicitFileType = wrapper.application; includeInIndex = 0; path = TransitionAnimation.app; sourceTree = BUILT_PRODUCTS_DIR; };
		2C7B42102327ED1A00ED4C27 /* AppDelegate.swift */ = {isa = PBXFileReference; lastKnownFileType = sourcecode.swift; path = AppDelegate.swift; sourceTree = "<group>"; };
		2C7B42122327ED1A00ED4C27 /* ViewController.swift */ = {isa = PBXFileReference; lastKnownFileType = sourcecode.swift; path = ViewController.swift; sourceTree = "<group>"; };
		2C7B42152327ED1A00ED4C27 /* Base */ = {isa = PBXFileReference; lastKnownFileType = file.storyboard; name = Base; path = Base.lproj/Main.storyboard; sourceTree = "<group>"; };
		2C7B42172327ED1C00ED4C27 /* Assets.xcassets */ = {isa = PBXFileReference; lastKnownFileType = folder.assetcatalog; path = Assets.xcassets; sourceTree = "<group>"; };
		2C7B421A2327ED1C00ED4C27 /* Base */ = {isa = PBXFileReference; lastKnownFileType = file.storyboard; name = Base; path = Base.lproj/LaunchScreen.storyboard; sourceTree = "<group>"; };
		2C7B421C2327ED1C00ED4C27 /* Info.plist */ = {isa = PBXFileReference; lastKnownFileType = text.plist.xml; path = Info.plist; sourceTree = "<group>"; };
		2C7B42212327ED1C00ED4C27 /* TransitionAnimationTests.xctest */ = {isa = PBXFileReference; explicitFileType = wrapper.cfbundle; includeInIndex = 0; path = TransitionAnimationTests.xctest; sourceTree = BUILT_PRODUCTS_DIR; };
		2C7B42252327ED1C00ED4C27 /* TransitionAnimationTests.swift */ = {isa = PBXFileReference; lastKnownFileType = sourcecode.swift; path = TransitionAnimationTests.swift; sourceTree = "<group>"; };
		2C7B42272327ED1C00ED4C27 /* Info.plist */ = {isa = PBXFileReference; lastKnownFileType = text.plist.xml; path = Info.plist; sourceTree = "<group>"; };
		2C7B422C2327ED1C00ED4C27 /* TransitionAnimationUITests.xctest */ = {isa = PBXFileReference; explicitFileType = wrapper.cfbundle; includeInIndex = 0; path = TransitionAnimationUITests.xctest; sourceTree = BUILT_PRODUCTS_DIR; };
		2C7B42302327ED1C00ED4C27 /* TransitionAnimationUITests.swift */ = {isa = PBXFileReference; lastKnownFileType = sourcecode.swift; path = TransitionAnimationUITests.swift; sourceTree = "<group>"; };
		2C7B42322327ED1C00ED4C27 /* Info.plist */ = {isa = PBXFileReference; lastKnownFileType = text.plist.xml; path = Info.plist; sourceTree = "<group>"; };
		2C7B4240232950E200ED4C27 /* FadeAnimator.swift */ = {isa = PBXFileReference; lastKnownFileType = sourcecode.swift; path = FadeAnimator.swift; sourceTree = "<group>"; };
		2C7B4242232950EB00ED4C27 /* AnimatedNavigationController.swift */ = {isa = PBXFileReference; lastKnownFileType = sourcecode.swift; path = AnimatedNavigationController.swift; sourceTree = "<group>"; };
/* End PBXFileReference section */

/* Begin PBXFrameworksBuildPhase section */
		2C7B420A2327ED1A00ED4C27 /* Frameworks */ = {
			isa = PBXFrameworksBuildPhase;
			buildActionMask = 2147483647;
			files = (
			);
			runOnlyForDeploymentPostprocessing = 0;
		};
		2C7B421E2327ED1C00ED4C27 /* Frameworks */ = {
			isa = PBXFrameworksBuildPhase;
			buildActionMask = 2147483647;
			files = (
			);
			runOnlyForDeploymentPostprocessing = 0;
		};
		2C7B42292327ED1C00ED4C27 /* Frameworks */ = {
			isa = PBXFrameworksBuildPhase;
			buildActionMask = 2147483647;
			files = (
			);
			runOnlyForDeploymentPostprocessing = 0;
		};
/* End PBXFrameworksBuildPhase section */

/* Begin PBXGroup section */
		2C7B42042327ED1A00ED4C27 = {
			isa = PBXGroup;
			children = (
				2C7B420F2327ED1A00ED4C27 /* TransitionAnimation */,
				2C7B42242327ED1C00ED4C27 /* TransitionAnimationTests */,
				2C7B422F2327ED1C00ED4C27 /* TransitionAnimationUITests */,
				2C7B420E2327ED1A00ED4C27 /* Products */,
			);
			sourceTree = "<group>";
		};
		2C7B420E2327ED1A00ED4C27 /* Products */ = {
			isa = PBXGroup;
			children = (
				2C7B420D2327ED1A00ED4C27 /* TransitionAnimation.app */,
				2C7B42212327ED1C00ED4C27 /* TransitionAnimationTests.xctest */,
				2C7B422C2327ED1C00ED4C27 /* TransitionAnimationUITests.xctest */,
			);
			name = Products;
			sourceTree = "<group>";
		};
		2C7B420F2327ED1A00ED4C27 /* TransitionAnimation */ = {
			isa = PBXGroup;
			children = (
				2C7B42102327ED1A00ED4C27 /* AppDelegate.swift */,
				2C7B42122327ED1A00ED4C27 /* ViewController.swift */,
				2C7B4240232950E200ED4C27 /* FadeAnimator.swift */,
				2C7B4242232950EB00ED4C27 /* AnimatedNavigationController.swift */,
				2C7B42142327ED1A00ED4C27 /* Main.storyboard */,
				2C7B42172327ED1C00ED4C27 /* Assets.xcassets */,
				2C7B42192327ED1C00ED4C27 /* LaunchScreen.storyboard */,
				2C7B421C2327ED1C00ED4C27 /* Info.plist */,
			);
			path = TransitionAnimation;
			sourceTree = "<group>";
		};
		2C7B42242327ED1C00ED4C27 /* TransitionAnimationTests */ = {
			isa = PBXGroup;
			children = (
				2C7B42252327ED1C00ED4C27 /* TransitionAnimationTests.swift */,
				2C7B42272327ED1C00ED4C27 /* Info.plist */,
			);
			path = TransitionAnimationTests;
			sourceTree = "<group>";
		};
		2C7B422F2327ED1C00ED4C27 /* TransitionAnimationUITests */ = {
			isa = PBXGroup;
			children = (
				2C7B42302327ED1C00ED4C27 /* TransitionAnimationUITests.swift */,
				2C7B42322327ED1C00ED4C27 /* Info.plist */,
			);
			path = TransitionAnimationUITests;
			sourceTree = "<group>";
		};
/* End PBXGroup section */

/* Begin PBXNativeTarget section */
		2C7B420C2327ED1A00ED4C27 /* TransitionAnimation */ = {
			isa = PBXNativeTarget;
			buildConfigurationList = 2C7B42352327ED1C00ED4C27 /* Build configuration list for PBXNativeTarget "TransitionAnimation" */;
			buildPhases = (
				2C7B42092327ED1A00ED4C27 /* Sources */,
				2C7B420A2327ED1A00ED4C27 /* Frameworks */,
				2C7B420B2327ED1A00ED4C27 /* Resources */,
			);
			buildRules = (
			);
			dependencies = (
			);
			name = TransitionAnimation;
			productName = TransitionAnimation;
			productReference = 2C7B420D2327ED1A00ED4C27 /* TransitionAnimation.app */;
			productType = "com.apple.product-type.application";
		};
		2C7B42202327ED1C00ED4C27 /* TransitionAnimationTests */ = {
			isa = PBXNativeTarget;
			buildConfigurationList = 2C7B42382327ED1C00ED4C27 /* Build configuration list for PBXNativeTarget "TransitionAnimationTests" */;
			buildPhases = (
				2C7B421D2327ED1C00ED4C27 /* Sources */,
				2C7B421E2327ED1C00ED4C27 /* Frameworks */,
				2C7B421F2327ED1C00ED4C27 /* Resources */,
			);
			buildRules = (
			);
			dependencies = (
				2C7B42232327ED1C00ED4C27 /* PBXTargetDependency */,
			);
			name = TransitionAnimationTests;
			productName = TransitionAnimationTests;
			productReference = 2C7B42212327ED1C00ED4C27 /* TransitionAnimationTests.xctest */;
			productType = "com.apple.product-type.bundle.unit-test";
		};
		2C7B422B2327ED1C00ED4C27 /* TransitionAnimationUITests */ = {
			isa = PBXNativeTarget;
			buildConfigurationList = 2C7B423B2327ED1C00ED4C27 /* Build configuration list for PBXNativeTarget "TransitionAnimationUITests" */;
			buildPhases = (
				2C7B42282327ED1C00ED4C27 /* Sources */,
				2C7B42292327ED1C00ED4C27 /* Frameworks */,
				2C7B422A2327ED1C00ED4C27 /* Resources */,
			);
			buildRules = (
			);
			dependencies = (
				2C7B422E2327ED1C00ED4C27 /* PBXTargetDependency */,
			);
			name = TransitionAnimationUITests;
			productName = TransitionAnimationUITests;
			productReference = 2C7B422C2327ED1C00ED4C27 /* TransitionAnimationUITests.xctest */;
			productType = "com.apple.product-type.bundle.ui-testing";
		};
/* End PBXNativeTarget section */

/* Begin PBXProject section */
		2C7B42052327ED1A00ED4C27 /* Project object */ = {
			isa = PBXProject;
			attributes = {
				LastSwiftUpdateCheck = 1030;
				LastUpgradeCheck = 1030;
				ORGANIZATIONNAME = "Cary Zhou";
				TargetAttributes = {
					2C7B420C2327ED1A00ED4C27 = {
						CreatedOnToolsVersion = 10.3;
					};
					2C7B42202327ED1C00ED4C27 = {
						CreatedOnToolsVersion = 10.3;
						TestTargetID = 2C7B420C2327ED1A00ED4C27;
					};
					2C7B422B2327ED1C00ED4C27 = {
						CreatedOnToolsVersion = 10.3;
						TestTargetID = 2C7B420C2327ED1A00ED4C27;
					};
				};
			};
			buildConfigurationList = 2C7B42082327ED1A00ED4C27 /* Build configuration list for PBXProject "TransitionAnimation" */;
			compatibilityVersion = "Xcode 9.3";
			developmentRegion = en;
			hasScannedForEncodings = 0;
			knownRegions = (
				en,
				Base,
			);
			mainGroup = 2C7B42042327ED1A00ED4C27;
			productRefGroup = 2C7B420E2327ED1A00ED4C27 /* Products */;
			projectDirPath = "";
			projectRoot = "";
			targets = (
				2C7B420C2327ED1A00ED4C27 /* TransitionAnimation */,
				2C7B42202327ED1C00ED4C27 /* TransitionAnimationTests */,
				2C7B422B2327ED1C00ED4C27 /* TransitionAnimationUITests */,
			);
		};
/* End PBXProject section */

/* Begin PBXResourcesBuildPhase section */
		2C7B420B2327ED1A00ED4C27 /* Resources */ = {
			isa = PBXResourcesBuildPhase;
			buildActionMask = 2147483647;
			files = (
				2C7B421B2327ED1C00ED4C27 /* LaunchScreen.storyboard in Resources */,
				2C7B42182327ED1C00ED4C27 /* Assets.xcassets in Resources */,
				2C7B42162327ED1A00ED4C27 /* Main.storyboard in Resources */,
			);
			runOnlyForDeploymentPostprocessing = 0;
		};
		2C7B421F2327ED1C00ED4C27 /* Resources */ = {
			isa = PBXResourcesBuildPhase;
			buildActionMask = 2147483647;
			files = (
			);
			runOnlyForDeploymentPostprocessing = 0;
		};
		2C7B422A2327ED1C00ED4C27 /* Resources */ = {
			isa = PBXResourcesBuildPhase;
			buildActionMask = 2147483647;
			files = (
			);
			runOnlyForDeploymentPostprocessing = 0;
		};
/* End PBXResourcesBuildPhase section */

/* Begin PBXSourcesBuildPhase section */
		2C7B42092327ED1A00ED4C27 /* Sources */ = {
			isa = PBXSourcesBuildPhase;
			buildActionMask = 2147483647;
			files = (
				2C7B4243232950EB00ED4C27 /* AnimatedNavigationController.swift in Sources */,
				2C7B4241232950E200ED4C27 /* FadeAnimator.swift in Sources */,
				2C7B42132327ED1A00ED4C27 /* ViewController.swift in Sources */,
				2C7B42112327ED1A00ED4C27 /* AppDelegate.swift in Sources */,
			);
			runOnlyForDeploymentPostprocessing = 0;
		};
		2C7B421D2327ED1C00ED4C27 /* Sources */ = {
			isa = PBXSourcesBuildPhase;
			buildActionMask = 2147483647;
			files = (
				2C7B42262327ED1C00ED4C27 /* TransitionAnimationTests.swift in Sources */,
			);
			runOnlyForDeploymentPostprocessing = 0;
		};
		2C7B42282327ED1C00ED4C27 /* Sources */ = {
			isa = PBXSourcesBuildPhase;
			buildActionMask = 2147483647;
			files = (
				2C7B42312327ED1C00ED4C27 /* TransitionAnimationUITests.swift in Sources */,
			);
			runOnlyForDeploymentPostprocessing = 0;
		};
/* End PBXSourcesBuildPhase section */

/* Begin PBXTargetDependency section */
		2C7B42232327ED1C00ED4C27 /* PBXTargetDependency */ = {
			isa = PBXTargetDependency;
			target = 2C7B420C2327ED1A00ED4C27 /* TransitionAnimation */;
			targetProxy = 2C7B42222327ED1C00ED4C27 /* PBXContainerItemProxy */;
		};
		2C7B422E2327ED1C00ED4C27 /* PBXTargetDependency */ = {
			isa = PBXTargetDependency;
			target = 2C7B420C2327ED1A00ED4C27 /* TransitionAnimation */;
			targetProxy = 2C7B422D2327ED1C00ED4C27 /* PBXContainerItemProxy */;
		};
/* End PBXTargetDependency section */

/* Begin PBXVariantGroup section */
		2C7B42142327ED1A00ED4C27 /* Main.storyboard */ = {
			isa = PBXVariantGroup;
			children = (
				2C7B42152327ED1A00ED4C27 /* Base */,
			);
			name = Main.storyboard;
			sourceTree = "<group>";
		};
		2C7B42192327ED1C00ED4C27 /* LaunchScreen.storyboard */ = {
			isa = PBXVariantGroup;
			children = (
				2C7B421A2327ED1C00ED4C27 /* Base */,
			);
			name = LaunchScreen.storyboard;
			sourceTree = "<group>";
		};
/* End PBXVariantGroup section */

/* Begin XCBuildConfiguration section */
		2C7B42332327ED1C00ED4C27 /* Debug */ = {
			isa = XCBuildConfiguration;
			buildSettings = {
				ALWAYS_SEARCH_USER_PATHS = NO;
				CLANG_ANALYZER_NONNULL = YES;
				CLANG_ANALYZER_NUMBER_OBJECT_CONVERSION = YES_AGGRESSIVE;
				CLANG_CXX_LANGUAGE_STANDARD = "gnu++14";
				CLANG_CXX_LIBRARY = "libc++";
				CLANG_ENABLE_MODULES = YES;
				CLANG_ENABLE_OBJC_ARC = YES;
				CLANG_ENABLE_OBJC_WEAK = YES;
				CLANG_WARN_BLOCK_CAPTURE_AUTORELEASING = YES;
				CLANG_WARN_BOOL_CONVERSION = YES;
				CLANG_WARN_COMMA = YES;
				CLANG_WARN_CONSTANT_CONVERSION = YES;
				CLANG_WARN_DEPRECATED_OBJC_IMPLEMENTATIONS = YES;
				CLANG_WARN_DIRECT_OBJC_ISA_USAGE = YES_ERROR;
				CLANG_WARN_DOCUMENTATION_COMMENTS = YES;
				CLANG_WARN_EMPTY_BODY = YES;
				CLANG_WARN_ENUM_CONVERSION = YES;
				CLANG_WARN_INFINITE_RECURSION = YES;
				CLANG_WARN_INT_CONVERSION = YES;
				CLANG_WARN_NON_LITERAL_NULL_CONVERSION = YES;
				CLANG_WARN_OBJC_IMPLICIT_RETAIN_SELF = YES;
				CLANG_WARN_OBJC_LITERAL_CONVERSION = YES;
				CLANG_WARN_OBJC_ROOT_CLASS = YES_ERROR;
				CLANG_WARN_RANGE_LOOP_ANALYSIS = YES;
				CLANG_WARN_STRICT_PROTOTYPES = YES;
				CLANG_WARN_SUSPICIOUS_MOVE = YES;
				CLANG_WARN_UNGUARDED_AVAILABILITY = YES_AGGRESSIVE;
				CLANG_WARN_UNREACHABLE_CODE = YES;
				CLANG_WARN__DUPLICATE_METHOD_MATCH = YES;
				CODE_SIGN_IDENTITY = "iPhone Developer";
				COPY_PHASE_STRIP = NO;
				DEBUG_INFORMATION_FORMAT = dwarf;
				ENABLE_STRICT_OBJC_MSGSEND = YES;
				ENABLE_TESTABILITY = YES;
				GCC_C_LANGUAGE_STANDARD = gnu11;
				GCC_DYNAMIC_NO_PIC = NO;
				GCC_NO_COMMON_BLOCKS = YES;
				GCC_OPTIMIZATION_LEVEL = 0;
				GCC_PREPROCESSOR_DEFINITIONS = (
					"DEBUG=1",
					"$(inherited)",
				);
				GCC_WARN_64_TO_32_BIT_CONVERSION = YES;
				GCC_WARN_ABOUT_RETURN_TYPE = YES_ERROR;
				GCC_WARN_UNDECLARED_SELECTOR = YES;
				GCC_WARN_UNINITIALIZED_AUTOS = YES_AGGRESSIVE;
				GCC_WARN_UNUSED_FUNCTION = YES;
				GCC_WARN_UNUSED_VARIABLE = YES;
				IPHONEOS_DEPLOYMENT_TARGET = 12.4;
				MTL_ENABLE_DEBUG_INFO = INCLUDE_SOURCE;
				MTL_FAST_MATH = YES;
				ONLY_ACTIVE_ARCH = YES;
				SDKROOT = iphoneos;
				SWIFT_ACTIVE_COMPILATION_CONDITIONS = DEBUG;
				SWIFT_OPTIMIZATION_LEVEL = "-Onone";
			};
			name = Debug;
		};
		2C7B42342327ED1C00ED4C27 /* Release */ = {
			isa = XCBuildConfiguration;
			buildSettings = {
				ALWAYS_SEARCH_USER_PATHS = NO;
				CLANG_ANALYZER_NONNULL = YES;
				CLANG_ANALYZER_NUMBER_OBJECT_CONVERSION = YES_AGGRESSIVE;
				CLANG_CXX_LANGUAGE_STANDARD = "gnu++14";
				CLANG_CXX_LIBRARY = "libc++";
				CLANG_ENABLE_MODULES = YES;
				CLANG_ENABLE_OBJC_ARC = YES;
				CLANG_ENABLE_OBJC_WEAK = YES;
				CLANG_WARN_BLOCK_CAPTURE_AUTORELEASING = YES;
				CLANG_WARN_BOOL_CONVERSION = YES;
				CLANG_WARN_COMMA = YES;
				CLANG_WARN_CONSTANT_CONVERSION = YES;
				CLANG_WARN_DEPRECATED_OBJC_IMPLEMENTATIONS = YES;
				CLANG_WARN_DIRECT_OBJC_ISA_USAGE = YES_ERROR;
				CLANG_WARN_DOCUMENTATION_COMMENTS = YES;
				CLANG_WARN_EMPTY_BODY = YES;
				CLANG_WARN_ENUM_CONVERSION = YES;
				CLANG_WARN_INFINITE_RECURSION = YES;
				CLANG_WARN_INT_CONVERSION = YES;
				CLANG_WARN_NON_LITERAL_NULL_CONVERSION = YES;
				CLANG_WARN_OBJC_IMPLICIT_RETAIN_SELF = YES;
				CLANG_WARN_OBJC_LITERAL_CONVERSION = YES;
				CLANG_WARN_OBJC_ROOT_CLASS = YES_ERROR;
				CLANG_WARN_RANGE_LOOP_ANALYSIS = YES;
				CLANG_WARN_STRICT_PROTOTYPES = YES;
				CLANG_WARN_SUSPICIOUS_MOVE = YES;
				CLANG_WARN_UNGUARDED_AVAILABILITY = YES_AGGRESSIVE;
				CLANG_WARN_UNREACHABLE_CODE = YES;
				CLANG_WARN__DUPLICATE_METHOD_MATCH = YES;
				CODE_SIGN_IDENTITY = "iPhone Developer";
				COPY_PHASE_STRIP = NO;
				DEBUG_INFORMATION_FORMAT = "dwarf-with-dsym";
				ENABLE_NS_ASSERTIONS = NO;
				ENABLE_STRICT_OBJC_MSGSEND = YES;
				GCC_C_LANGUAGE_STANDARD = gnu11;
				GCC_NO_COMMON_BLOCKS = YES;
				GCC_WARN_64_TO_32_BIT_CONVERSION = YES;
				GCC_WARN_ABOUT_RETURN_TYPE = YES_ERROR;
				GCC_WARN_UNDECLARED_SELECTOR = YES;
				GCC_WARN_UNINITIALIZED_AUTOS = YES_AGGRESSIVE;
				GCC_WARN_UNUSED_FUNCTION = YES;
				GCC_WARN_UNUSED_VARIABLE = YES;
				IPHONEOS_DEPLOYMENT_TARGET = 12.4;
				MTL_ENABLE_DEBUG_INFO = NO;
				MTL_FAST_MATH = YES;
				SDKROOT = iphoneos;
				SWIFT_COMPILATION_MODE = wholemodule;
				SWIFT_OPTIMIZATION_LEVEL = "-O";
				VALIDATE_PRODUCT = YES;
			};
			name = Release;
		};
		2C7B42362327ED1C00ED4C27 /* Debug */ = {
			isa = XCBuildConfiguration;
			buildSettings = {
				ASSETCATALOG_COMPILER_APPICON_NAME = AppIcon;
				CODE_SIGN_STYLE = Automatic;
				DEVELOPMENT_TEAM = 55V3ELH4AV;
				INFOPLIST_FILE = TransitionAnimation/Info.plist;
				LD_RUNPATH_SEARCH_PATHS = (
					"$(inherited)",
					"@executable_path/Frameworks",
				);
				PRODUCT_BUNDLE_IDENTIFIER = test.TransitionAnimation;
				PRODUCT_NAME = "$(TARGET_NAME)";
				SWIFT_VERSION = 5.0;
				TARGETED_DEVICE_FAMILY = "1,2";
			};
			name = Debug;
		};
		2C7B42372327ED1C00ED4C27 /* Release */ = {
			isa = XCBuildConfiguration;
			buildSettings = {
				ASSETCATALOG_COMPILER_APPICON_NAME = AppIcon;
				CODE_SIGN_STYLE = Automatic;
				DEVELOPMENT_TEAM = 55V3ELH4AV;
				INFOPLIST_FILE = TransitionAnimation/Info.plist;
				LD_RUNPATH_SEARCH_PATHS = (
					"$(inherited)",
					"@executable_path/Frameworks",
				);
				PRODUCT_BUNDLE_IDENTIFIER = test.TransitionAnimation;
				PRODUCT_NAME = "$(TARGET_NAME)";
				SWIFT_VERSION = 5.0;
				TARGETED_DEVICE_FAMILY = "1,2";
			};
			name = Release;
		};
		2C7B42392327ED1C00ED4C27 /* Debug */ = {
			isa = XCBuildConfiguration;
			buildSettings = {
				ALWAYS_EMBED_SWIFT_STANDARD_LIBRARIES = YES;
				BUNDLE_LOADER = "$(TEST_HOST)";
				CODE_SIGN_STYLE = Automatic;
				INFOPLIST_FILE = TransitionAnimationTests/Info.plist;
				LD_RUNPATH_SEARCH_PATHS = (
					"$(inherited)",
					"@executable_path/Frameworks",
					"@loader_path/Frameworks",
				);
				PRODUCT_BUNDLE_IDENTIFIER = test.TransitionAnimationTests;
				PRODUCT_NAME = "$(TARGET_NAME)";
				SWIFT_VERSION = 5.0;
				TARGETED_DEVICE_FAMILY = "1,2";
				TEST_HOST = "$(BUILT_PRODUCTS_DIR)/TransitionAnimation.app/TransitionAnimation";
			};
			name = Debug;
		};
		2C7B423A2327ED1C00ED4C27 /* Release */ = {
			isa = XCBuildConfiguration;
			buildSettings = {
				ALWAYS_EMBED_SWIFT_STANDARD_LIBRARIES = YES;
				BUNDLE_LOADER = "$(TEST_HOST)";
				CODE_SIGN_STYLE = Automatic;
				INFOPLIST_FILE = TransitionAnimationTests/Info.plist;
				LD_RUNPATH_SEARCH_PATHS = (
					"$(inherited)",
					"@executable_path/Frameworks",
					"@loader_path/Frameworks",
				);
				PRODUCT_BUNDLE_IDENTIFIER = test.TransitionAnimationTests;
				PRODUCT_NAME = "$(TARGET_NAME)";
				SWIFT_VERSION = 5.0;
				TARGETED_DEVICE_FAMILY = "1,2";
				TEST_HOST = "$(BUILT_PRODUCTS_DIR)/TransitionAnimation.app/TransitionAnimation";
			};
			name = Release;
		};
		2C7B423C2327ED1C00ED4C27 /* Debug */ = {
			isa = XCBuildConfiguration;
			buildSettings = {
				ALWAYS_EMBED_SWIFT_STANDARD_LIBRARIES = YES;
				CODE_SIGN_STYLE = Automatic;
				INFOPLIST_FILE = TransitionAnimationUITests/Info.plist;
				LD_RUNPATH_SEARCH_PATHS = (
					"$(inherited)",
					"@executable_path/Frameworks",
					"@loader_path/Frameworks",
				);
				PRODUCT_BUNDLE_IDENTIFIER = test.TransitionAnimationUITests;
				PRODUCT_NAME = "$(TARGET_NAME)";
				SWIFT_VERSION = 5.0;
				TARGETED_DEVICE_FAMILY = "1,2";
				TEST_TARGET_NAME = TransitionAnimation;
			};
			name = Debug;
		};
		2C7B423D2327ED1C00ED4C27 /* Release */ = {
			isa = XCBuildConfiguration;
			buildSettings = {
				ALWAYS_EMBED_SWIFT_STANDARD_LIBRARIES = YES;
				CODE_SIGN_STYLE = Automatic;
				INFOPLIST_FILE = TransitionAnimationUITests/Info.plist;
				LD_RUNPATH_SEARCH_PATHS = (
					"$(inherited)",
					"@executable_path/Frameworks",
					"@loader_path/Frameworks",
				);
				PRODUCT_BUNDLE_IDENTIFIER = test.TransitionAnimationUITests;
				PRODUCT_NAME = "$(TARGET_NAME)";
				SWIFT_VERSION = 5.0;
				TARGETED_DEVICE_FAMILY = "1,2";
				TEST_TARGET_NAME = TransitionAnimation;
			};
			name = Release;
		};
/* End XCBuildConfiguration section */

/* Begin XCConfigurationList section */
		2C7B42082327ED1A00ED4C27 /* Build configuration list for PBXProject "TransitionAnimation" */ = {
			isa = XCConfigurationList;
			buildConfigurations = (
				2C7B42332327ED1C00ED4C27 /* Debug */,
				2C7B42342327ED1C00ED4C27 /* Release */,
			);
			defaultConfigurationIsVisible = 0;
			defaultConfigurationName = Release;
		};
		2C7B42352327ED1C00ED4C27 /* Build configuration list for PBXNativeTarget "TransitionAnimation" */ = {
			isa = XCConfigurationList;
			buildConfigurations = (
				2C7B42362327ED1C00ED4C27 /* Debug */,
				2C7B42372327ED1C00ED4C27 /* Release */,
			);
			defaultConfigurationIsVisible = 0;
			defaultConfigurationName = Release;
		};
		2C7B42382327ED1C00ED4C27 /* Build configuration list for PBXNativeTarget "TransitionAnimationTests" */ = {
			isa = XCConfigurationList;
			buildConfigurations = (
				2C7B42392327ED1C00ED4C27 /* Debug */,
				2C7B423A2327ED1C00ED4C27 /* Release */,
			);
			defaultConfigurationIsVisible = 0;
			defaultConfigurationName = Release;
		};
		2C7B423B2327ED1C00ED4C27 /* Build configuration list for PBXNativeTarget "TransitionAnimationUITests" */ = {
			isa = XCConfigurationList;
			buildConfigurations = (
				2C7B423C2327ED1C00ED4C27 /* Debug */,
				2C7B423D2327ED1C00ED4C27 /* Release */,
			);
			defaultConfigurationIsVisible = 0;
			defaultConfigurationName = Release;
		};
/* End XCConfigurationList section */
	};
	rootObject = 2C7B42052327ED1A00ED4C27 /* Project object */;
}
